{
  "lockfile_version": "1",
  "packages": {
    "ducker@latest": {
      "last_modified": "2025-12-09T08:49:39Z",
      "resolved": "github:NixOS/nixpkgs/677fbe97984e7af3175b6c121f3c39ee5c8d62c9#ducker",
      "source": "devbox-search",
      "version": "0.5.5",
      "systems": {
        "aarch64-darwin": {
          "outputs": [
            {
              "name": "out",
              "path": "/nix/store/0kbvkxbgdddh15z0xgvhgab3immdjqmv-ducker-0.5.5",
              "default": true
            }
          ],
          "store_path": "/nix/store/0kbvkxbgdddh15z0xgvhgab3immdjqmv-ducker-0.5.5"
        },
        "aarch64-linux": {
          "outputs": [
            {
              "name": "out",
              "path": "/nix/store/dir43rh1804j6znjz12zil5nx69946qw-ducker-0.5.5",
              "default": true
            }
          ],
          "store_path": "/nix/store/dir43rh1804j6znjz12zil5nx69946qw-ducker-0.5.5"
        },
        "x86_64-darwin": {
          "outputs": [
            {
              "name": "out",
              "path": "/nix/store/kws20kj6ik9fwpp8gm1xa9vq0ysgl7nf-ducker-0.5.5",
              "default": true
            }
          ],
          "store_path": "/nix/store/kws20kj6ik9fwpp8gm1xa9vq0ysgl7nf-ducker-0.5.5"
        },
        "x86_64-linux": {
          "outputs": [
            {
              "name": "out",
              "path": "/nix/store/fji3vky8yzcjp7wzjdxacd8ssnfyhwqa-ducker-0.5.5",
              "default": true
            }
          ],
          "store_path": "/nix/store/fji3vky8yzcjp7wzjdxacd8ssnfyhwqa-ducker-0.5.5"
        }
      }
    },
    "github:NixOS/nixpkgs/nixpkgs-unstable": {
      "last_modified": "2025-12-02T02:29:13Z",
      "resolved": "github:NixOS/nixpkgs/f720de59066162ee879adcc8c79e15c51fe6bfb4?lastModified=1764642553&narHash=sha256-mvbFFzVBhVK1FjyPHZGMAKpNiqkr7k%2B%2BxIwy%2Bp%2FNQvA%3D"
    },
    "github:dagger/nix#packages.x86_64-linux.dagger": {
      "last_modified": "2025-12-05T19:46:36Z",
      "resolved": "github:dagger/nix/936602b8d99b1b15a88436aee1de1019cdfca08d?lastModified=1764963996&narHash=sha256-ETV0R9ZVN66vVB7wEym6G3E0FSI0Z8uh3IjhrYMES%2FA%3D#packages.x86_64-linux.dagger"
    },
    "jaq@latest": {
      "last_modified": "2025-11-23T21:50:36Z",
      "resolved": "github:NixOS/nixpkgs/ee09932cedcef15aaf476f9343d1dea2cb77e261#jaq",
      "source": "devbox-search",
      "version": "2.3.0",
      "systems": {
        "aarch64-darwin": {
          "outputs": [
            {
              "name": "out",
              "path": "/nix/store/cvm0lvnvb7smdd1vph29jz8z9g2033y5-jaq-2.3.0",
              "default": true
            }
          ],
          "store_path": "/nix/store/cvm0lvnvb7smdd1vph29jz8z9g2033y5-jaq-2.3.0"
        },
        "aarch64-linux": {
          "outputs": [
            {
              "name": "out",
              "path": "/nix/store/6aajz4lncdkk5sfd66q6vj10x64rpqvl-jaq-2.3.0",
              "default": true
            }
          ],
          "store_path": "/nix/store/6aajz4lncdkk5sfd66q6vj10x64rpqvl-jaq-2.3.0"
        },
        "x86_64-darwin": {
          "outputs": [
            {
              "name": "out",
              "path": "/nix/store/n6n71jyiihd8kx1jgx9c9x6fhn431dgr-jaq-2.3.0",
              "default": true
            }
          ],
          "store_path": "/nix/store/n6n71jyiihd8kx1jgx9c9x6fhn431dgr-jaq-2.3.0"
        },
        "x86_64-linux": {
          "outputs": [
            {
              "name": "out",
              "path": "/nix/store/mgwzg6fm0db17j908aqasc78r4xh2zq9-jaq-2.3.0",
              "default": true
            }
          ],
          "store_path": "/nix/store/mgwzg6fm0db17j908aqasc78r4xh2zq9-jaq-2.3.0"
        }
      }
    },
    "mitmproxy@latest": {
      "last_modified": "2025-11-23T21:50:36Z",
      "resolved": "github:NixOS/nixpkgs/ee09932cedcef15aaf476f9343d1dea2cb77e261#mitmproxy",
      "source": "devbox-search",
      "version": "12.2.0",
      "systems": {
        "aarch64-darwin": {
          "outputs": [
            {
              "name": "out",
              "path": "/nix/store/y6fa0ifl6phjavfwnw3cyj2i1k1gk4df-python3.13-mitmproxy-12.2.0",
              "default": true
            },
            {
              "name": "dist",
              "path": "/nix/store/arr8z5zq0cs2nf9dh2hmsq0y297l37yd-python3.13-mitmproxy-12.2.0-dist"
            }
          ],
          "store_path": "/nix/store/y6fa0ifl6phjavfwnw3cyj2i1k1gk4df-python3.13-mitmproxy-12.2.0"
        },
        "aarch64-linux": {
          "outputs": [
            {
              "name": "out",
              "path": "/nix/store/g0g75r55i59hxhzxsa6kvdc1fr2k57fj-python3.13-mitmproxy-12.2.0",
              "default": true
            },
            {
              "name": "dist",
              "path": "/nix/store/8zr2czim779lda7vcs3n1lxrn45znk8g-python3.13-mitmproxy-12.2.0-dist"
            }
          ],
          "store_path": "/nix/store/g0g75r55i59hxhzxsa6kvdc1fr2k57fj-python3.13-mitmproxy-12.2.0"
        },
        "x86_64-darwin": {
          "outputs": [
            {
              "name": "out",
              "path": "/nix/store/242pygjdwir8vzr3rgr4q9mcl371nd4b-python3.13-mitmproxy-12.2.0",
              "default": true
            },
            {
              "name": "dist",
              "path": "/nix/store/gnhb72d2zs44x769nrl9wdqyn07nar4r-python3.13-mitmproxy-12.2.0-dist"
            }
          ],
          "store_path": "/nix/store/242pygjdwir8vzr3rgr4q9mcl371nd4b-python3.13-mitmproxy-12.2.0"
        },
        "x86_64-linux": {
          "outputs": [
            {
              "name": "out",
              "path": "/nix/store/9s54bvxbkfzf6r7knbl2c86j7awcd47y-python3.13-mitmproxy-12.2.0",
              "default": true
            },
            {
              "name": "dist",
              "path": "/nix/store/krq59hr8n60b5prwdxmx6780grwndy4s-python3.13-mitmproxy-12.2.0-dist"
            }
          ],
          "store_path": "/nix/store/9s54bvxbkfzf6r7knbl2c86j7awcd47y-python3.13-mitmproxy-12.2.0"
        }
      }
    },
    "mkcert@latest": {
      "last_modified": "2025-11-23T21:50:36Z",
      "resolved": "github:NixOS/nixpkgs/ee09932cedcef15aaf476f9343d1dea2cb77e261#mkcert",
      "source": "devbox-search",
      "version": "1.4.4",
      "systems": {
        "aarch64-darwin": {
          "outputs": [
            {
              "name": "out",
              "path": "/nix/store/rk2p1j2lzq2l6bk1wadcck557yn65sx5-mkcert-1.4.4",
              "default": true
            }
          ],
          "store_path": "/nix/store/rk2p1j2lzq2l6bk1wadcck557yn65sx5-mkcert-1.4.4"
        },
        "aarch64-linux": {
          "outputs": [
            {
              "name": "out",
              "path": "/nix/store/vkvnaz4gsvjfxr586nrjk94xgi5gxhxb-mkcert-1.4.4",
              "default": true
            }
          ],
          "store_path": "/nix/store/vkvnaz4gsvjfxr586nrjk94xgi5gxhxb-mkcert-1.4.4"
        },
        "x86_64-darwin": {
          "outputs": [
            {
              "name": "out",
              "path": "/nix/store/28i3k89kjy62f9yzyqabgnhi45pfw5ay-mkcert-1.4.4",
              "default": true
            }
          ],
          "store_path": "/nix/store/28i3k89kjy62f9yzyqabgnhi45pfw5ay-mkcert-1.4.4"
        },
        "x86_64-linux": {
          "outputs": [
            {
              "name": "out",
              "path": "/nix/store/gpw8mvmgwxaw9ppixvcvwqnhgnagkqy1-mkcert-1.4.4",
              "default": true
            }
          ],
          "store_path": "/nix/store/gpw8mvmgwxaw9ppixvcvwqnhgnagkqy1-mkcert-1.4.4"
        }
      }
    },
    "nodejs@latest": {
      "last_modified": "2025-11-23T21:50:36Z",
      "plugin_version": "0.0.2",
      "resolved": "github:NixOS/nixpkgs/ee09932cedcef15aaf476f9343d1dea2cb77e261#nodejs_24",
      "source": "devbox-search",
      "version": "24.11.1",
      "systems": {
        "aarch64-darwin": {
          "outputs": [
            {
              "name": "out",
              "path": "/nix/store/h57ln4r40qr349z1r8ri90n9i9xid3r5-nodejs-24.11.1",
              "default": true
            },
            {
              "name": "libv8",
              "path": "/nix/store/h4ad12n85c04b2c5c1a4r8r5qr4i1afn-nodejs-24.11.1-libv8"
            },
            {
              "name": "dev",
              "path": "/nix/store/akmrc34ry4wil7wq8ghxbh2dpvikschh-nodejs-24.11.1-dev"
            }
          ],
          "store_path": "/nix/store/h57ln4r40qr349z1r8ri90n9i9xid3r5-nodejs-24.11.1"
        },
        "aarch64-linux": {
          "outputs": [
            {
              "name": "out",
              "path": "/nix/store/r46dnkahacvrnavv5945aizq8b61kbwc-nodejs-24.11.1",
              "default": true
            },
            {
              "name": "dev",
              "path": "/nix/store/82gbs5sgm1gpggsalpdlnxjkvr7bnkcc-nodejs-24.11.1-dev"
            },
            {
              "name": "libv8",
              "path": "/nix/store/7ihzshxrnl1xh935ff8va57aw1avwk5j-nodejs-24.11.1-libv8"
            }
          ],
          "store_path": "/nix/store/r46dnkahacvrnavv5945aizq8b61kbwc-nodejs-24.11.1"
        },
        "x86_64-darwin": {
          "outputs": [
            {
              "name": "out",
              "path": "/nix/store/68d27bbipwcv99inwbs6fb7vxbgd4q6j-nodejs-24.11.1",
              "default": true
            },
            {
              "name": "dev",
              "path": "/nix/store/xj8y0v2v5ssdxbpz1bz9yivn109g3i4x-nodejs-24.11.1-dev"
            },
            {
              "name": "libv8",
              "path": "/nix/store/136306lidz9kx8dlka3l2sf1q9i6ilc3-nodejs-24.11.1-libv8"
            }
          ],
          "store_path": "/nix/store/68d27bbipwcv99inwbs6fb7vxbgd4q6j-nodejs-24.11.1"
        },
        "x86_64-linux": {
          "outputs": [
            {
              "name": "out",
              "path": "/nix/store/lgggxsrdzisnbligi7irlh4qmqczs0xk-nodejs-24.11.1",
              "default": true
            },
            {
              "name": "dev",
              "path": "/nix/store/qayyvn6vq1yx49lr30kkrpdl1jy99752-nodejs-24.11.1-dev"
            },
            {
              "name": "libv8",
              "path": "/nix/store/i9s2w9xib1fbqrc2qmmyz17frhpvkmsk-nodejs-24.11.1-libv8"
            }
          ],
          "store_path": "/nix/store/lgggxsrdzisnbligi7irlh4qmqczs0xk-nodejs-24.11.1"
        }
      }
    },
    "openssl@latest": {
      "last_modified": "2025-11-23T21:50:36Z",
      "resolved": "github:NixOS/nixpkgs/ee09932cedcef15aaf476f9343d1dea2cb77e261#openssl",
      "source": "devbox-search",
      "version": "3.6.0",
      "systems": {
        "aarch64-darwin": {
          "outputs": [
            {
              "name": "bin",
              "path": "/nix/store/z9prisxci5h5lsk3rdknd4jzq7k9q13d-openssl-3.6.0-bin",
              "default": true
            },
            {
              "name": "man",
              "path": "/nix/store/ii9mnzr3i92mgk9dkgg65739mavd0j6f-openssl-3.6.0-man",
              "default": true
            },
            {
              "name": "doc",
              "path": "/nix/store/yx3ip21fdaaxpjn5fbir02mqnaw9cm4f-openssl-3.6.0-doc"
            },
            {
              "name": "out",
              "path": "/nix/store/3z54dgks2mz3dhwddj158sdibll8xmq5-openssl-3.6.0"
            },
            {
              "name": "dev",
              "path": "/nix/store/h0qgqik0mk0wn7rmm2kk3grfi1wzly74-openssl-3.6.0-dev"
            }
          ],
          "store_path": "/nix/store/z9prisxci5h5lsk3rdknd4jzq7k9q13d-openssl-3.6.0-bin"
        },
        "aarch64-linux": {
          "outputs": [
            {
              "name": "bin",
              "path": "/nix/store/wb6q44n9kcb5acmaa4rgqsajadx1fhhl-openssl-3.6.0-bin",
              "default": true
            },
            {
              "name": "man",
              "path": "/nix/store/c9n1alb7ypzjvzd47m16fiwfczz23qs3-openssl-3.6.0-man",
              "default": true
            },
            {
              "name": "out",
              "path": "/nix/store/nj50gkyx813dxvfmsg1q8m330hmf3h86-openssl-3.6.0"
            },
            {
              "name": "debug",
              "path": "/nix/store/ci6d4k1sj4bnr892lsrqqmjiihqsk0bl-openssl-3.6.0-debug"
            },
            {
              "name": "dev",
              "path": "/nix/store/pq8b7fb3282g68pmk14mbyi20qn6chid-openssl-3.6.0-dev"
            },
            {
              "name": "doc",
              "path": "/nix/store/vaplp6w56dyz38986bgkf0pbg3r486b2-openssl-3.6.0-doc"
            }
          ],
          "store_path": "/nix/store/wb6q44n9kcb5acmaa4rgqsajadx1fhhl-openssl-3.6.0-bin"
        },
        "x86_64-darwin": {
          "outputs": [
            {
              "name": "bin",
              "path": "/nix/store/m3xwn9n0jypwjgi256idfzs979g30j29-openssl-3.6.0-bin",
              "default": true
            },
            {
              "name": "man",
              "path": "/nix/store/hw43f3y1vl7ydrd4samnwnrwqqwkpisv-openssl-3.6.0-man",
              "default": true
            },
            {
              "name": "dev",
              "path": "/nix/store/dirjrfjk8jgsbdpslgb51cav6qaxn2vm-openssl-3.6.0-dev"
            },
            {
              "name": "doc",
              "path": "/nix/store/va1zhkz0nfmycvd0h239hi4w40qgaxcx-openssl-3.6.0-doc"
            },
            {
              "name": "out",
              "path": "/nix/store/q9a4wssx24xsy28w8kifdqizc01fh7sc-openssl-3.6.0"
            }
          ],
          "store_path": "/nix/store/m3xwn9n0jypwjgi256idfzs979g30j29-openssl-3.6.0-bin"
        },
        "x86_64-linux": {
          "outputs": [
            {
              "name": "bin",
              "path": "/nix/store/k0gl1zc7f5hk87lylxwbipb0b870bcmk-openssl-3.6.0-bin",
              "default": true
            },
            {
              "name": "man",
              "path": "/nix/store/a9jdl6xq9fc98ykpvqmc9kf0b0j9y8wh-openssl-3.6.0-man",
              "default": true
            },
            {
              "name": "dev",
              "path": "/nix/store/ydrckgnllgg8nmhdwni81h7xhcpnrlhd-openssl-3.6.0-dev"
            },
            {
              "name": "doc",
              "path": "/nix/store/cgp9ig35iwicfb9spcrgyg2m5dmlcgrv-openssl-3.6.0-doc"
            },
            {
              "name": "out",
              "path": "/nix/store/61i74yjkj9p1qphfl7018ja4sdwkipx0-openssl-3.6.0"
            },
            {
              "name": "debug",
              "path": "/nix/store/sqv8kbdgfxlr2d6nysr8c2715qpsi6f5-openssl-3.6.0-debug"
            }
          ],
          "store_path": "/nix/store/k0gl1zc7f5hk87lylxwbipb0b870bcmk-openssl-3.6.0-bin"
        }
      }
    },
    "pgcli@latest": {
      "last_modified": "2025-12-03T03:51:48Z",
      "resolved": "github:NixOS/nixpkgs/cadcc8de247676e4751c9d4a935acb2c0b059113#pgcli",
      "source": "devbox-search",
      "version": "4.3.0",
      "systems": {
        "aarch64-darwin": {
          "outputs": [
            {
              "name": "out",
              "path": "/nix/store/hi8qafdpzawz6szsab04scl5cnsbqv8g-python3.13-pgcli-4.3.0",
              "default": true
            },
            {
              "name": "dist",
              "path": "/nix/store/c6ild8nmz4vmv4jgjn77qx00l0rlkd3x-python3.13-pgcli-4.3.0-dist"
            }
          ],
          "store_path": "/nix/store/hi8qafdpzawz6szsab04scl5cnsbqv8g-python3.13-pgcli-4.3.0"
        },
        "aarch64-linux": {
          "outputs": [
            {
              "name": "out",
              "path": "/nix/store/m3qhaclhn3n5rp75a61z9p8qgmajbn1r-python3.13-pgcli-4.3.0",
              "default": true
            },
            {
              "name": "dist",
              "path": "/nix/store/ka6iq2aycjalr1zxdmd0yn2bzy87dcf6-python3.13-pgcli-4.3.0-dist"
            }
          ],
          "store_path": "/nix/store/m3qhaclhn3n5rp75a61z9p8qgmajbn1r-python3.13-pgcli-4.3.0"
        },
        "x86_64-darwin": {
          "outputs": [
            {
              "name": "out",
              "path": "/nix/store/z6a41mbi1589cyhcp63zlg7g29bib4yn-python3.13-pgcli-4.3.0",
              "default": true
            },
            {
              "name": "dist",
              "path": "/nix/store/bxw5rfvj6pviz44ha3r17yxyj78mgpkl-python3.13-pgcli-4.3.0-dist"
            }
          ],
          "store_path": "/nix/store/z6a41mbi1589cyhcp63zlg7g29bib4yn-python3.13-pgcli-4.3.0"
        },
        "x86_64-linux": {
          "outputs": [
            {
              "name": "out",
              "path": "/nix/store/rdf0c2xcnh13b1jx0a6dh3my0y1zymqq-python3.13-pgcli-4.3.0",
              "default": true
            },
            {
              "name": "dist",
              "path": "/nix/store/hws88klzwd0kicq0f23irdza2jbhlcmf-python3.13-pgcli-4.3.0-dist"
            }
          ],
          "store_path": "/nix/store/rdf0c2xcnh13b1jx0a6dh3my0y1zymqq-python3.13-pgcli-4.3.0"
        }
      }
    },
    "xh@latest": {
      "last_modified": "2025-11-23T21:50:36Z",
      "resolved": "github:NixOS/nixpkgs/ee09932cedcef15aaf476f9343d1dea2cb77e261#xh",
      "source": "devbox-search",
      "version": "0.25.0",
      "systems": {
        "aarch64-darwin": {
          "outputs": [
            {
              "name": "out",
              "path": "/nix/store/jl1nicg8i1a7kvvd8da39k34l0sgzc1r-xh-0.25.0",
              "default": true
            }
          ],
          "store_path": "/nix/store/jl1nicg8i1a7kvvd8da39k34l0sgzc1r-xh-0.25.0"
        },
        "aarch64-linux": {
          "outputs": [
            {
              "name": "out",
              "path": "/nix/store/xh31m49yxahwnxrgxykg0v48yzq6c2mc-xh-0.25.0",
              "default": true
            }
          ],
          "store_path": "/nix/store/xh31m49yxahwnxrgxykg0v48yzq6c2mc-xh-0.25.0"
        },
        "x86_64-darwin": {
          "outputs": [
            {
              "name": "out",
              "path": "/nix/store/pdnh20cbzwgb0czxk6hbb49hw9ng5lmr-xh-0.25.0",
              "default": true
            }
          ],
          "store_path": "/nix/store/pdnh20cbzwgb0czxk6hbb49hw9ng5lmr-xh-0.25.0"
        },
        "x86_64-linux": {
          "outputs": [
            {
              "name": "out",
              "path": "/nix/store/f69r2lw4nb4scy1qcy07am6v344qzz3k-xh-0.25.0",
              "default": true
            }
          ],
          "store_path": "/nix/store/f69r2lw4nb4scy1qcy07am6v344qzz3k-xh-0.25.0"
        }
      }
    }
  }
}
