{
  "lockfile_version": "1",
  "packages": {
    "bun@latest": {
      "last_modified": "2026-05-21T08:15:18Z",
      "resolved": "github:NixOS/nixpkgs/4a29d733e8a7d5b824c3d8c958a946a9867b3eb2#bun",
      "source": "devbox-search",
      "version": "1.3.13",
      "systems": {
        "aarch64-darwin": {
          "outputs": [
            {
              "name": "out",
              "path": "/nix/store/jgl1hjr0cf6s32jcnqmkp44av4flamap-bun-1.3.13",
              "default": true
            }
          ],
          "store_path": "/nix/store/jgl1hjr0cf6s32jcnqmkp44av4flamap-bun-1.3.13"
        },
        "aarch64-linux": {
          "outputs": [
            {
              "name": "out",
              "path": "/nix/store/ywc7zrq5vr32ashfgc7dp84a2f3rzic6-bun-1.3.13",
              "default": true
            }
          ],
          "store_path": "/nix/store/ywc7zrq5vr32ashfgc7dp84a2f3rzic6-bun-1.3.13"
        },
        "x86_64-darwin": {
          "outputs": [
            {
              "name": "out",
              "path": "/nix/store/1nphhxm1h3pya9j86kql2gpsvy6nizr4-bun-1.3.13",
              "default": true
            }
          ],
          "store_path": "/nix/store/1nphhxm1h3pya9j86kql2gpsvy6nizr4-bun-1.3.13"
        },
        "x86_64-linux": {
          "outputs": [
            {
              "name": "out",
              "path": "/nix/store/z1cxjx705fswwjjns0sw2ysbd5jqxfgm-bun-1.3.13",
              "default": true
            }
          ],
          "store_path": "/nix/store/z1cxjx705fswwjjns0sw2ysbd5jqxfgm-bun-1.3.13"
        }
      }
    },
    "cacert@latest": {
      "last_modified": "2026-06-13T05:27:44Z",
      "resolved": "github:NixOS/nixpkgs/5a722a7155bfc9fbe657f28d26b71860d95324bc#cacert",
      "source": "devbox-search",
      "version": "3.123",
      "systems": {
        "aarch64-darwin": {
          "outputs": [
            {
              "name": "out",
              "path": "/nix/store/jkhhr4fpw5sfcav2p9zj1gjq041sjp3n-nss-cacert-3.123",
              "default": true
            },
            {
              "name": "hashed",
              "path": "/nix/store/05d9ffv74pixff6bbz1i9jqr3110kqbz-nss-cacert-3.123-hashed"
            },
            {
              "name": "p11kit",
              "path": "/nix/store/7q0pisc38xlsz8bzddyknslwyrw2jq69-nss-cacert-3.123-p11kit"
            },
            {
              "name": "unbundled",
              "path": "/nix/store/3j2bwh2bxmz3w87y8m3l8shwbmmn17y0-nss-cacert-3.123-unbundled"
            }
          ],
          "store_path": "/nix/store/jkhhr4fpw5sfcav2p9zj1gjq041sjp3n-nss-cacert-3.123"
        },
        "aarch64-linux": {
          "outputs": [
            {
              "name": "out",
              "path": "/nix/store/pd7bb73la01b07d6391mk2a43mhmjghd-nss-cacert-3.123",
              "default": true
            },
            {
              "name": "hashed",
              "path": "/nix/store/3m38j1iz2dsrsc3l5q30y3br8q1lmz3b-nss-cacert-3.123-hashed"
            },
            {
              "name": "p11kit",
              "path": "/nix/store/rm663w0vs9asfcl6a7v82pdl2qqhd6g9-nss-cacert-3.123-p11kit"
            },
            {
              "name": "unbundled",
              "path": "/nix/store/6yd6rj0dvglhwk7qfya9a6ny05yksbl0-nss-cacert-3.123-unbundled"
            }
          ],
          "store_path": "/nix/store/pd7bb73la01b07d6391mk2a43mhmjghd-nss-cacert-3.123"
        },
        "x86_64-darwin": {
          "outputs": [
            {
              "name": "out",
              "path": "/nix/store/fql29ma40z7kfmlwsdx4rz92s8pc9lvm-nss-cacert-3.123",
              "default": true
            },
            {
              "name": "hashed",
              "path": "/nix/store/hmhy3phn5016krm2d9wrj8g7xhawx45j-nss-cacert-3.123-hashed"
            },
            {
              "name": "p11kit",
              "path": "/nix/store/n58gqa4ccf7w9hplyd95vy4xncqvwnr5-nss-cacert-3.123-p11kit"
            },
            {
              "name": "unbundled",
              "path": "/nix/store/0lfr0w1cbxzdk7ai5dc6qhqpmrw9p3a3-nss-cacert-3.123-unbundled"
            }
          ],
          "store_path": "/nix/store/fql29ma40z7kfmlwsdx4rz92s8pc9lvm-nss-cacert-3.123"
        },
        "x86_64-linux": {
          "outputs": [
            {
              "name": "out",
              "path": "/nix/store/6snfrwakqanqp7c21nnzmz183fkhnzv1-nss-cacert-3.123",
              "default": true
            },
            {
              "name": "hashed",
              "path": "/nix/store/xdh7nr550vh5q5rqjas1d5y5fhcp4v5a-nss-cacert-3.123-hashed"
            },
            {
              "name": "p11kit",
              "path": "/nix/store/g64cqi02bajwcp8qbw3d6nhz4kdcjg71-nss-cacert-3.123-p11kit"
            },
            {
              "name": "unbundled",
              "path": "/nix/store/8ylfzdcp1l289jl1fv4hds1j35jla7cd-nss-cacert-3.123-unbundled"
            }
          ],
          "store_path": "/nix/store/6snfrwakqanqp7c21nnzmz183fkhnzv1-nss-cacert-3.123"
        }
      }
    },
    "ducker@latest": {
      "last_modified": "2026-05-21T08:15:18Z",
      "resolved": "github:NixOS/nixpkgs/4a29d733e8a7d5b824c3d8c958a946a9867b3eb2#ducker",
      "source": "devbox-search",
      "version": "0.6.5",
      "systems": {
        "aarch64-darwin": {
          "outputs": [
            {
              "name": "out",
              "path": "/nix/store/1wm9zwq3pkdk4f7bcy6qzpkv9763jwnq-ducker-0.6.5",
              "default": true
            }
          ],
          "store_path": "/nix/store/1wm9zwq3pkdk4f7bcy6qzpkv9763jwnq-ducker-0.6.5"
        },
        "aarch64-linux": {
          "outputs": [
            {
              "name": "out",
              "path": "/nix/store/hkfdmndks115jv1in4b91wj3klnidnl5-ducker-0.6.5",
              "default": true
            }
          ],
          "store_path": "/nix/store/hkfdmndks115jv1in4b91wj3klnidnl5-ducker-0.6.5"
        },
        "x86_64-darwin": {
          "outputs": [
            {
              "name": "out",
              "path": "/nix/store/hqa6dypx04rfwwgpv3zyi4ad2aif1djk-ducker-0.6.5",
              "default": true
            }
          ],
          "store_path": "/nix/store/hqa6dypx04rfwwgpv3zyi4ad2aif1djk-ducker-0.6.5"
        },
        "x86_64-linux": {
          "outputs": [
            {
              "name": "out",
              "path": "/nix/store/9mkbjdllaxardw9g348fbpkk7ggqjyb4-ducker-0.6.5",
              "default": true
            }
          ],
          "store_path": "/nix/store/9mkbjdllaxardw9g348fbpkk7ggqjyb4-ducker-0.6.5"
        }
      }
    },
    "garage@latest": {
      "last_modified": "2026-05-21T08:15:18Z",
      "resolved": "github:NixOS/nixpkgs/4a29d733e8a7d5b824c3d8c958a946a9867b3eb2#garage",
      "source": "devbox-search",
      "version": "1.3.1",
      "systems": {
        "aarch64-darwin": {
          "outputs": [
            {
              "name": "out",
              "path": "/nix/store/bqccxhp357rkarh3wa9sis6mff18kgxq-garage-1.3.1",
              "default": true
            }
          ],
          "store_path": "/nix/store/bqccxhp357rkarh3wa9sis6mff18kgxq-garage-1.3.1"
        },
        "aarch64-linux": {
          "outputs": [
            {
              "name": "out",
              "path": "/nix/store/7ydgjar8cw20vsz4wsjdgr8zpdzv4nv5-garage-1.3.1",
              "default": true
            }
          ],
          "store_path": "/nix/store/7ydgjar8cw20vsz4wsjdgr8zpdzv4nv5-garage-1.3.1"
        },
        "x86_64-darwin": {
          "outputs": [
            {
              "name": "out",
              "path": "/nix/store/7jp4355d3vim67hla3dnxmi71855zdji-garage-1.3.1",
              "default": true
            }
          ],
          "store_path": "/nix/store/7jp4355d3vim67hla3dnxmi71855zdji-garage-1.3.1"
        },
        "x86_64-linux": {
          "outputs": [
            {
              "name": "out",
              "path": "/nix/store/j8jvffm7r8z98n01gf6pw33bzd62l16x-garage-1.3.1",
              "default": true
            }
          ],
          "store_path": "/nix/store/j8jvffm7r8z98n01gf6pw33bzd62l16x-garage-1.3.1"
        }
      }
    },
    "github:NixOS/nixpkgs/nixpkgs-unstable": {
      "last_modified": "2026-06-14T16:21:05Z",
      "resolved": "github:NixOS/nixpkgs/9eac87a12312b8f60dd52e1c6e1a265f6fc7f5fc?lastModified=1781454065&narHash=sha256-d2xfDjnfRuf%2FxYGdu9VVRHiav%2F2w5hDL%2F5cw2TuVAXw%3D"
    },
    "github:dagger/nix/851584fd8093ab942b4aa833cdef53050b27279b#packages.x86_64-linux.dagger": {
      "last_modified": "1970-01-01T00:00:00Z",
      "resolved": "github:dagger/nix/851584fd8093ab942b4aa833cdef53050b27279b#packages.x86_64-linux.dagger"
    },
    "jaq@latest": {
      "last_modified": "2026-06-12T02:02:01Z",
      "resolved": "github:NixOS/nixpkgs/173d0ad7a974f8543a9ab01d2271b2e290341b33#jaq",
      "source": "devbox-search",
      "version": "3.1.0",
      "systems": {
        "aarch64-darwin": {
          "outputs": [
            {
              "name": "out",
              "path": "/nix/store/8y66jylbh2w6g28hng162a1zk0yifmc6-jaq-3.1.0",
              "default": true
            }
          ],
          "store_path": "/nix/store/8y66jylbh2w6g28hng162a1zk0yifmc6-jaq-3.1.0"
        },
        "aarch64-linux": {
          "outputs": [
            {
              "name": "out",
              "path": "/nix/store/nnffsqw29avlf2ppjwjjwa0p9q0ifbq9-jaq-3.1.0",
              "default": true
            }
          ],
          "store_path": "/nix/store/nnffsqw29avlf2ppjwjjwa0p9q0ifbq9-jaq-3.1.0"
        },
        "x86_64-darwin": {
          "outputs": [
            {
              "name": "out",
              "path": "/nix/store/v7vmxy8qzvdagfinh6bfphz7kl7fn2kr-jaq-3.1.0",
              "default": true
            }
          ],
          "store_path": "/nix/store/v7vmxy8qzvdagfinh6bfphz7kl7fn2kr-jaq-3.1.0"
        },
        "x86_64-linux": {
          "outputs": [
            {
              "name": "out",
              "path": "/nix/store/pcgwvn47yqz38mflwrr1rmdhrx9bnpsi-jaq-3.1.0",
              "default": true
            }
          ],
          "store_path": "/nix/store/pcgwvn47yqz38mflwrr1rmdhrx9bnpsi-jaq-3.1.0"
        }
      }
    },
    "mitmproxy@latest": {
      "last_modified": "2026-05-31T16:57:23Z",
      "resolved": "github:NixOS/nixpkgs/3109eaae18e09d0b8aef23dc2579e7d94b8d4b4e#mitmproxy",
      "source": "devbox-search",
      "version": "12.2.3",
      "systems": {
        "aarch64-darwin": {
          "outputs": [
            {
              "name": "out",
              "path": "/nix/store/f2hqsddcyi73cq9s7vdr15k37cjmy4ry-python3.13-mitmproxy-12.2.3",
              "default": true
            },
            {
              "name": "dist",
              "path": "/nix/store/wbn8xrxkb89xly7qh7zif82vnq6bsl6h-python3.13-mitmproxy-12.2.3-dist"
            }
          ],
          "store_path": "/nix/store/f2hqsddcyi73cq9s7vdr15k37cjmy4ry-python3.13-mitmproxy-12.2.3"
        },
        "aarch64-linux": {
          "outputs": [
            {
              "name": "out",
              "path": "/nix/store/2j0wajdapn0nflzkwvkhvi3nxa6nc8sc-python3.13-mitmproxy-12.2.3",
              "default": true
            },
            {
              "name": "dist",
              "path": "/nix/store/kai2hlm085d78i254i3y61naq5hs5nn4-python3.13-mitmproxy-12.2.3-dist"
            }
          ],
          "store_path": "/nix/store/2j0wajdapn0nflzkwvkhvi3nxa6nc8sc-python3.13-mitmproxy-12.2.3"
        },
        "x86_64-darwin": {
          "outputs": [
            {
              "name": "out",
              "path": "/nix/store/88nzyib71290zkqjc0nbaivljskvfqvw-python3.13-mitmproxy-12.2.3",
              "default": true
            },
            {
              "name": "dist",
              "path": "/nix/store/ycijfzwh4kr6hiwp3s5g1mvc2qn4lyhd-python3.13-mitmproxy-12.2.3-dist"
            }
          ],
          "store_path": "/nix/store/88nzyib71290zkqjc0nbaivljskvfqvw-python3.13-mitmproxy-12.2.3"
        },
        "x86_64-linux": {
          "outputs": [
            {
              "name": "out",
              "path": "/nix/store/lvhz0rbm1w0saclnrd5s6g6cji4g3qw3-python3.13-mitmproxy-12.2.3",
              "default": true
            },
            {
              "name": "dist",
              "path": "/nix/store/2zqsm5jvpz3yr3znn5wx6vrmiy9xmfkv-python3.13-mitmproxy-12.2.3-dist"
            }
          ],
          "store_path": "/nix/store/lvhz0rbm1w0saclnrd5s6g6cji4g3qw3-python3.13-mitmproxy-12.2.3"
        }
      }
    },
    "mkcert@latest": {
      "last_modified": "2026-05-21T08:15:18Z",
      "resolved": "github:NixOS/nixpkgs/4a29d733e8a7d5b824c3d8c958a946a9867b3eb2#mkcert",
      "source": "devbox-search",
      "version": "1.4.4",
      "systems": {
        "aarch64-darwin": {
          "outputs": [
            {
              "name": "out",
              "path": "/nix/store/4dp6lzgk6lkqhja3mq88kl785dsc0blx-mkcert-1.4.4",
              "default": true
            }
          ],
          "store_path": "/nix/store/4dp6lzgk6lkqhja3mq88kl785dsc0blx-mkcert-1.4.4"
        },
        "aarch64-linux": {
          "outputs": [
            {
              "name": "out",
              "path": "/nix/store/p96n0hiv4rfr040fzzwqh4kbqv1fmphg-mkcert-1.4.4",
              "default": true
            }
          ],
          "store_path": "/nix/store/p96n0hiv4rfr040fzzwqh4kbqv1fmphg-mkcert-1.4.4"
        },
        "x86_64-darwin": {
          "outputs": [
            {
              "name": "out",
              "path": "/nix/store/6vd2hamgsvz8virvn2yrlg38xqjcvmwi-mkcert-1.4.4",
              "default": true
            }
          ],
          "store_path": "/nix/store/6vd2hamgsvz8virvn2yrlg38xqjcvmwi-mkcert-1.4.4"
        },
        "x86_64-linux": {
          "outputs": [
            {
              "name": "out",
              "path": "/nix/store/rvbgzpq1fnjsznx579hvhalglgjrsfkv-mkcert-1.4.4",
              "default": true
            }
          ],
          "store_path": "/nix/store/rvbgzpq1fnjsznx579hvhalglgjrsfkv-mkcert-1.4.4"
        }
      }
    },
    "nix-prefetch-docker@latest": {
      "last_modified": "2026-06-11T01:27:03Z",
      "resolved": "github:NixOS/nixpkgs/b503dde361500433ca25a32e8f4d218bf58fb659#nix-prefetch-docker",
      "source": "devbox-search",
      "systems": {
        "aarch64-darwin": {
          "outputs": [
            {
              "name": "out",
              "path": "/nix/store/knsxmhjd7v4mr8afwrl5v6xn4h5yzfpi-nix-prefetch-docker",
              "default": true
            }
          ],
          "store_path": "/nix/store/knsxmhjd7v4mr8afwrl5v6xn4h5yzfpi-nix-prefetch-docker"
        },
        "aarch64-linux": {
          "outputs": [
            {
              "name": "out",
              "path": "/nix/store/nm4ylv32i27bh4n45fxgn4sxcw31h0kp-nix-prefetch-docker",
              "default": true
            }
          ],
          "store_path": "/nix/store/nm4ylv32i27bh4n45fxgn4sxcw31h0kp-nix-prefetch-docker"
        },
        "x86_64-darwin": {
          "outputs": [
            {
              "name": "out",
              "path": "/nix/store/8vb3kzzrs5v9rd2n9mp69vrnmrqbnrmc-nix-prefetch-docker",
              "default": true
            }
          ],
          "store_path": "/nix/store/8vb3kzzrs5v9rd2n9mp69vrnmrqbnrmc-nix-prefetch-docker"
        },
        "x86_64-linux": {
          "outputs": [
            {
              "name": "out",
              "path": "/nix/store/ld0w6azksks05xqi37wyjwb7jwjglsxa-nix-prefetch-docker",
              "default": true
            }
          ],
          "store_path": "/nix/store/ld0w6azksks05xqi37wyjwb7jwjglsxa-nix-prefetch-docker"
        }
      }
    },
    "nixd@latest": {
      "last_modified": "2026-06-02T02:01:59Z",
      "resolved": "github:NixOS/nixpkgs/ffa10e26ae11d676b2db836259889f1f571cb14f#nixd",
      "source": "devbox-search",
      "version": "2.9.1",
      "systems": {
        "aarch64-darwin": {
          "outputs": [
            {
              "name": "out",
              "path": "/nix/store/0jspxd2bvd0xm309xb9minabshr8kl7q-nixd-2.9.1",
              "default": true
            }
          ],
          "store_path": "/nix/store/0jspxd2bvd0xm309xb9minabshr8kl7q-nixd-2.9.1"
        },
        "aarch64-linux": {
          "outputs": [
            {
              "name": "out",
              "path": "/nix/store/mc57s93ywrb8dvrrpiawxi1nhzacqn2k-nixd-2.9.1",
              "default": true
            }
          ],
          "store_path": "/nix/store/mc57s93ywrb8dvrrpiawxi1nhzacqn2k-nixd-2.9.1"
        },
        "x86_64-darwin": {
          "outputs": [
            {
              "name": "out",
              "path": "/nix/store/4fb0slmyqnby3v0m6xysb9fh58pkiay7-nixd-2.9.1",
              "default": true
            }
          ],
          "store_path": "/nix/store/4fb0slmyqnby3v0m6xysb9fh58pkiay7-nixd-2.9.1"
        },
        "x86_64-linux": {
          "outputs": [
            {
              "name": "out",
              "path": "/nix/store/5zwl72j3iqx0k355y7rlx2w271rdyva5-nixd-2.9.1",
              "default": true
            }
          ],
          "store_path": "/nix/store/5zwl72j3iqx0k355y7rlx2w271rdyva5-nixd-2.9.1"
        }
      }
    },
    "nixfmt@latest": {
      "last_modified": "2026-06-01T17:55:45Z",
      "resolved": "github:NixOS/nixpkgs/4df1b885d76a54e1aa1a318f8d16fd6005b6401f#nixfmt",
      "source": "devbox-search",
      "version": "1.3.1",
      "systems": {
        "aarch64-darwin": {
          "outputs": [
            {
              "name": "out",
              "path": "/nix/store/12a6j67hqlwlhc8i9vxnj9l1dl42pqkx-nixfmt-1.3.1",
              "default": true
            }
          ],
          "store_path": "/nix/store/12a6j67hqlwlhc8i9vxnj9l1dl42pqkx-nixfmt-1.3.1"
        },
        "aarch64-linux": {
          "outputs": [
            {
              "name": "out",
              "path": "/nix/store/4hhdixw537ykqim73zl41w4x0ijr73cx-nixfmt-1.3.1",
              "default": true
            }
          ],
          "store_path": "/nix/store/4hhdixw537ykqim73zl41w4x0ijr73cx-nixfmt-1.3.1"
        },
        "x86_64-darwin": {
          "outputs": [
            {
              "name": "out",
              "path": "/nix/store/bmba9srl1ahhaw7dvq75x8s5cgnkzqli-nixfmt-1.3.1",
              "default": true
            }
          ],
          "store_path": "/nix/store/bmba9srl1ahhaw7dvq75x8s5cgnkzqli-nixfmt-1.3.1"
        },
        "x86_64-linux": {
          "outputs": [
            {
              "name": "out",
              "path": "/nix/store/sgijssgx5ylh2vhajwp98f9sbhsdwhjy-nixfmt-1.3.1",
              "default": true
            }
          ],
          "store_path": "/nix/store/sgijssgx5ylh2vhajwp98f9sbhsdwhjy-nixfmt-1.3.1"
        }
      }
    },
    "nixos-anywhere@latest": {
      "last_modified": "2026-06-11T01:27:03Z",
      "resolved": "github:NixOS/nixpkgs/b503dde361500433ca25a32e8f4d218bf58fb659#nixos-anywhere",
      "source": "devbox-search",
      "version": "1.13.0",
      "systems": {
        "aarch64-darwin": {
          "outputs": [
            {
              "name": "out",
              "path": "/nix/store/2svzjf9qgwn6m2i69mqpjlb5n94dgm5g-nixos-anywhere-1.13.0",
              "default": true
            }
          ],
          "store_path": "/nix/store/2svzjf9qgwn6m2i69mqpjlb5n94dgm5g-nixos-anywhere-1.13.0"
        },
        "aarch64-linux": {
          "outputs": [
            {
              "name": "out",
              "path": "/nix/store/bzhr69dpq5w2n2rpacjkkllbbj511abn-nixos-anywhere-1.13.0",
              "default": true
            }
          ],
          "store_path": "/nix/store/bzhr69dpq5w2n2rpacjkkllbbj511abn-nixos-anywhere-1.13.0"
        },
        "x86_64-darwin": {
          "outputs": [
            {
              "name": "out",
              "path": "/nix/store/4mk49z2463w1v11gd5znm1zmh7lr5sm1-nixos-anywhere-1.13.0",
              "default": true
            }
          ],
          "store_path": "/nix/store/4mk49z2463w1v11gd5znm1zmh7lr5sm1-nixos-anywhere-1.13.0"
        },
        "x86_64-linux": {
          "outputs": [
            {
              "name": "out",
              "path": "/nix/store/d2wsa9637ws3jwd02wbprzzqaac88h7r-nixos-anywhere-1.13.0",
              "default": true
            }
          ],
          "store_path": "/nix/store/d2wsa9637ws3jwd02wbprzzqaac88h7r-nixos-anywhere-1.13.0"
        }
      }
    },
    "nodejs@latest": {
      "last_modified": "2026-06-01T17:55:45Z",
      "plugin_version": "0.0.2",
      "resolved": "github:NixOS/nixpkgs/4df1b885d76a54e1aa1a318f8d16fd6005b6401f#nodejs_26",
      "source": "devbox-search",
      "version": "26.3.0",
      "systems": {
        "aarch64-darwin": {
          "outputs": [
            {
              "name": "out",
              "path": "/nix/store/nfh1lwb8b42nn64wh8vwnjqpz2swr1vj-nodejs-26.3.0",
              "default": true
            }
          ],
          "store_path": "/nix/store/nfh1lwb8b42nn64wh8vwnjqpz2swr1vj-nodejs-26.3.0"
        },
        "aarch64-linux": {
          "outputs": [
            {
              "name": "out",
              "path": "/nix/store/f4mq152z1j84c7aj1h6w4gwa3mwvbk3z-nodejs-26.3.0",
              "default": true
            }
          ],
          "store_path": "/nix/store/f4mq152z1j84c7aj1h6w4gwa3mwvbk3z-nodejs-26.3.0"
        },
        "x86_64-darwin": {
          "outputs": [
            {
              "name": "out",
              "path": "/nix/store/24psmxnybpswr7r21vrdca2lji15rfjl-nodejs-26.3.0",
              "default": true
            }
          ],
          "store_path": "/nix/store/24psmxnybpswr7r21vrdca2lji15rfjl-nodejs-26.3.0"
        },
        "x86_64-linux": {
          "outputs": [
            {
              "name": "out",
              "path": "/nix/store/nk72hijagb0yc9rax5rr4gw8mpvmq7vw-nodejs-26.3.0",
              "default": true
            }
          ],
          "store_path": "/nix/store/nk72hijagb0yc9rax5rr4gw8mpvmq7vw-nodejs-26.3.0"
        }
      }
    },
    "openssl@latest": {
      "last_modified": "2025-12-05T06:24:47Z",
      "resolved": "github:NixOS/nixpkgs/42e29df35be6ef54091d3a3b4e97056ce0a98ce8#openssl",
      "source": "devbox-search",
      "version": "3.6.0",
      "systems": {
        "aarch64-darwin": {
          "outputs": [
            {
              "name": "bin",
              "path": "/nix/store/z9prisxci5h5lsk3rdknd4jzq7k9q13d-openssl-3.6.0-bin",
              "default": true
            },
            {
              "name": "man",
              "path": "/nix/store/ii9mnzr3i92mgk9dkgg65739mavd0j6f-openssl-3.6.0-man",
              "default": true
            },
            {
              "name": "dev",
              "path": "/nix/store/h0qgqik0mk0wn7rmm2kk3grfi1wzly74-openssl-3.6.0-dev"
            },
            {
              "name": "doc",
              "path": "/nix/store/yx3ip21fdaaxpjn5fbir02mqnaw9cm4f-openssl-3.6.0-doc"
            },
            {
              "name": "out",
              "path": "/nix/store/3z54dgks2mz3dhwddj158sdibll8xmq5-openssl-3.6.0"
            }
          ],
          "store_path": "/nix/store/z9prisxci5h5lsk3rdknd4jzq7k9q13d-openssl-3.6.0-bin"
        },
        "aarch64-linux": {
          "outputs": [
            {
              "name": "bin",
              "path": "/nix/store/wb6q44n9kcb5acmaa4rgqsajadx1fhhl-openssl-3.6.0-bin",
              "default": true
            },
            {
              "name": "man",
              "path": "/nix/store/c9n1alb7ypzjvzd47m16fiwfczz23qs3-openssl-3.6.0-man",
              "default": true
            },
            {
              "name": "debug",
              "path": "/nix/store/ci6d4k1sj4bnr892lsrqqmjiihqsk0bl-openssl-3.6.0-debug"
            },
            {
              "name": "dev",
              "path": "/nix/store/pq8b7fb3282g68pmk14mbyi20qn6chid-openssl-3.6.0-dev"
            },
            {
              "name": "doc",
              "path": "/nix/store/vaplp6w56dyz38986bgkf0pbg3r486b2-openssl-3.6.0-doc"
            },
            {
              "name": "out",
              "path": "/nix/store/nj50gkyx813dxvfmsg1q8m330hmf3h86-openssl-3.6.0"
            }
          ],
          "store_path": "/nix/store/wb6q44n9kcb5acmaa4rgqsajadx1fhhl-openssl-3.6.0-bin"
        },
        "x86_64-darwin": {
          "outputs": [
            {
              "name": "bin",
              "path": "/nix/store/m3xwn9n0jypwjgi256idfzs979g30j29-openssl-3.6.0-bin",
              "default": true
            },
            {
              "name": "man",
              "path": "/nix/store/hw43f3y1vl7ydrd4samnwnrwqqwkpisv-openssl-3.6.0-man",
              "default": true
            },
            {
              "name": "dev",
              "path": "/nix/store/dirjrfjk8jgsbdpslgb51cav6qaxn2vm-openssl-3.6.0-dev"
            },
            {
              "name": "doc",
              "path": "/nix/store/va1zhkz0nfmycvd0h239hi4w40qgaxcx-openssl-3.6.0-doc"
            },
            {
              "name": "out",
              "path": "/nix/store/q9a4wssx24xsy28w8kifdqizc01fh7sc-openssl-3.6.0"
            }
          ],
          "store_path": "/nix/store/m3xwn9n0jypwjgi256idfzs979g30j29-openssl-3.6.0-bin"
        },
        "x86_64-linux": {
          "outputs": [
            {
              "name": "bin",
              "path": "/nix/store/k0gl1zc7f5hk87lylxwbipb0b870bcmk-openssl-3.6.0-bin",
              "default": true
            },
            {
              "name": "man",
              "path": "/nix/store/a9jdl6xq9fc98ykpvqmc9kf0b0j9y8wh-openssl-3.6.0-man",
              "default": true
            },
            {
              "name": "debug",
              "path": "/nix/store/sqv8kbdgfxlr2d6nysr8c2715qpsi6f5-openssl-3.6.0-debug"
            },
            {
              "name": "dev",
              "path": "/nix/store/ydrckgnllgg8nmhdwni81h7xhcpnrlhd-openssl-3.6.0-dev"
            },
            {
              "name": "doc",
              "path": "/nix/store/cgp9ig35iwicfb9spcrgyg2m5dmlcgrv-openssl-3.6.0-doc"
            },
            {
              "name": "out",
              "path": "/nix/store/61i74yjkj9p1qphfl7018ja4sdwkipx0-openssl-3.6.0"
            }
          ],
          "store_path": "/nix/store/k0gl1zc7f5hk87lylxwbipb0b870bcmk-openssl-3.6.0-bin"
        }
      }
    },
    "oxigraph@latest": {
      "last_modified": "2026-05-21T08:15:18Z",
      "resolved": "github:NixOS/nixpkgs/4a29d733e8a7d5b824c3d8c958a946a9867b3eb2#oxigraph",
      "source": "devbox-search",
      "version": "0.5.7",
      "systems": {
        "aarch64-darwin": {
          "outputs": [
            {
              "name": "out",
              "path": "/nix/store/xqdvpqx8dy996wyvmx9q0ms0v93aih9z-oxigraph-0.5.7",
              "default": true
            }
          ],
          "store_path": "/nix/store/xqdvpqx8dy996wyvmx9q0ms0v93aih9z-oxigraph-0.5.7"
        },
        "aarch64-linux": {
          "outputs": [
            {
              "name": "out",
              "path": "/nix/store/v2n1dhncm19rcwdcn9bcdsq7lwlw28gf-oxigraph-0.5.7",
              "default": true
            }
          ],
          "store_path": "/nix/store/v2n1dhncm19rcwdcn9bcdsq7lwlw28gf-oxigraph-0.5.7"
        },
        "x86_64-linux": {
          "outputs": [
            {
              "name": "out",
              "path": "/nix/store/8vxpzf7fqz9p7hmiycix86fmw9mc6v2j-oxigraph-0.5.7",
              "default": true
            }
          ],
          "store_path": "/nix/store/8vxpzf7fqz9p7hmiycix86fmw9mc6v2j-oxigraph-0.5.7"
        }
      }
    },
    "pgcli@latest": {
      "last_modified": "2026-06-05T19:07:58Z",
      "resolved": "github:NixOS/nixpkgs/891eaa77f0eed53352194677991bd30978f9b0ad#pgcli",
      "source": "devbox-search",
      "version": "4.5.0",
      "systems": {
        "aarch64-darwin": {
          "outputs": [
            {
              "name": "out",
              "path": "/nix/store/1ic10lz05wjr18rrnv0lk5dfj3pz57xs-python3.13-pgcli-4.5.0",
              "default": true
            },
            {
              "name": "dist",
              "path": "/nix/store/fn56rw9xs3xwvs1mnzz4lhvhrvz6kfwg-python3.13-pgcli-4.5.0-dist"
            }
          ],
          "store_path": "/nix/store/1ic10lz05wjr18rrnv0lk5dfj3pz57xs-python3.13-pgcli-4.5.0"
        },
        "aarch64-linux": {
          "outputs": [
            {
              "name": "out",
              "path": "/nix/store/09z9nhfyhlih4n2zvl4saaplc6sn4ga3-python3.13-pgcli-4.5.0",
              "default": true
            },
            {
              "name": "dist",
              "path": "/nix/store/i95lmn7g52xf2csi4f5g4a5rx0xrgnj9-python3.13-pgcli-4.5.0-dist"
            }
          ],
          "store_path": "/nix/store/09z9nhfyhlih4n2zvl4saaplc6sn4ga3-python3.13-pgcli-4.5.0"
        },
        "x86_64-darwin": {
          "outputs": [
            {
              "name": "out",
              "path": "/nix/store/wva67snsrwl20zi95rifjml5qb5x3kwm-python3.13-pgcli-4.5.0",
              "default": true
            },
            {
              "name": "dist",
              "path": "/nix/store/izvjbhzv8g7ch4x2xl29pw8asmdrafwv-python3.13-pgcli-4.5.0-dist"
            }
          ],
          "store_path": "/nix/store/wva67snsrwl20zi95rifjml5qb5x3kwm-python3.13-pgcli-4.5.0"
        },
        "x86_64-linux": {
          "outputs": [
            {
              "name": "out",
              "path": "/nix/store/va5iqb2bwiz4wp485q7z4g5193f5b7x7-python3.13-pgcli-4.5.0",
              "default": true
            },
            {
              "name": "dist",
              "path": "/nix/store/h4s2m71dqdwpm0pggmxsnq4ivd36d1fr-python3.13-pgcli-4.5.0-dist"
            }
          ],
          "store_path": "/nix/store/va5iqb2bwiz4wp485q7z4g5193f5b7x7-python3.13-pgcli-4.5.0"
        }
      }
    },
    "prefetch-npm-deps@latest": {
      "last_modified": "2026-05-21T08:15:18Z",
      "resolved": "github:NixOS/nixpkgs/4a29d733e8a7d5b824c3d8c958a946a9867b3eb2#prefetch-npm-deps",
      "source": "devbox-search",
      "version": "0.1.0",
      "systems": {
        "aarch64-darwin": {
          "outputs": [
            {
              "name": "out",
              "path": "/nix/store/wjhkslqqvkxiyqhq7k0m47ipkx6hzspj-prefetch-npm-deps-0.1.0",
              "default": true
            }
          ],
          "store_path": "/nix/store/wjhkslqqvkxiyqhq7k0m47ipkx6hzspj-prefetch-npm-deps-0.1.0"
        },
        "aarch64-linux": {
          "outputs": [
            {
              "name": "out",
              "path": "/nix/store/c454dd19nix0106zaw862s56fn3nw3yy-prefetch-npm-deps-0.1.0",
              "default": true
            }
          ],
          "store_path": "/nix/store/c454dd19nix0106zaw862s56fn3nw3yy-prefetch-npm-deps-0.1.0"
        },
        "x86_64-darwin": {
          "outputs": [
            {
              "name": "out",
              "path": "/nix/store/x3kaz29arlzl3sfqzc3vd64qc36yh55s-prefetch-npm-deps-0.1.0",
              "default": true
            }
          ],
          "store_path": "/nix/store/x3kaz29arlzl3sfqzc3vd64qc36yh55s-prefetch-npm-deps-0.1.0"
        },
        "x86_64-linux": {
          "outputs": [
            {
              "name": "out",
              "path": "/nix/store/6d7fc81mx3j1ymi42869hl1jas323z0d-prefetch-npm-deps-0.1.0",
              "default": true
            }
          ],
          "store_path": "/nix/store/6d7fc81mx3j1ymi42869hl1jas323z0d-prefetch-npm-deps-0.1.0"
        }
      }
    },
    "ragenix@latest": {
      "last_modified": "2026-06-11T01:27:03Z",
      "resolved": "github:NixOS/nixpkgs/b503dde361500433ca25a32e8f4d218bf58fb659#ragenix",
      "source": "devbox-search",
      "version": "2025.03.09",
      "systems": {
        "aarch64-darwin": {
          "outputs": [
            {
              "name": "out",
              "path": "/nix/store/r745cccj1p46lxhpl3874jf7sp6pibnx-ragenix-2025.03.09",
              "default": true
            }
          ],
          "store_path": "/nix/store/r745cccj1p46lxhpl3874jf7sp6pibnx-ragenix-2025.03.09"
        },
        "aarch64-linux": {
          "outputs": [
            {
              "name": "out",
              "path": "/nix/store/2gva351ckl55kk35pj8l7nn9nsa60144-ragenix-2025.03.09",
              "default": true
            }
          ],
          "store_path": "/nix/store/2gva351ckl55kk35pj8l7nn9nsa60144-ragenix-2025.03.09"
        },
        "x86_64-darwin": {
          "outputs": [
            {
              "name": "out",
              "path": "/nix/store/zfmfnrawpdvn4m0cy0v78i30mmzan9cv-ragenix-2025.03.09",
              "default": true
            }
          ],
          "store_path": "/nix/store/zfmfnrawpdvn4m0cy0v78i30mmzan9cv-ragenix-2025.03.09"
        },
        "x86_64-linux": {
          "outputs": [
            {
              "name": "out",
              "path": "/nix/store/mbly04k25p188kjf6n5giwr97cw6ims7-ragenix-2025.03.09",
              "default": true
            }
          ],
          "store_path": "/nix/store/mbly04k25p188kjf6n5giwr97cw6ims7-ragenix-2025.03.09"
        }
      }
    },
    "skopeo@latest": {
      "last_modified": "2026-06-11T01:27:03Z",
      "resolved": "github:NixOS/nixpkgs/b503dde361500433ca25a32e8f4d218bf58fb659#skopeo",
      "source": "devbox-search",
      "version": "1.23.0",
      "systems": {
        "aarch64-darwin": {
          "outputs": [
            {
              "name": "out",
              "path": "/nix/store/y5m3w6w7prpnn00zq778qi42a14qypf3-skopeo-1.23.0",
              "default": true
            },
            {
              "name": "man",
              "path": "/nix/store/pdjfamky2vcwqnkdz5v3sp6b7nqlhcpk-skopeo-1.23.0-man",
              "default": true
            }
          ],
          "store_path": "/nix/store/y5m3w6w7prpnn00zq778qi42a14qypf3-skopeo-1.23.0"
        },
        "aarch64-linux": {
          "outputs": [
            {
              "name": "out",
              "path": "/nix/store/4ylirjdzzbhj0lgnhn09hj57ki6vmnnv-skopeo-1.23.0",
              "default": true
            },
            {
              "name": "man",
              "path": "/nix/store/9bi18np448ppip2dy91czbwr1ms9k2zg-skopeo-1.23.0-man",
              "default": true
            }
          ],
          "store_path": "/nix/store/4ylirjdzzbhj0lgnhn09hj57ki6vmnnv-skopeo-1.23.0"
        },
        "x86_64-darwin": {
          "outputs": [
            {
              "name": "out",
              "path": "/nix/store/c2xk3jrzrjflhx7yknys63mbbr6bh96q-skopeo-1.23.0",
              "default": true
            },
            {
              "name": "man",
              "path": "/nix/store/q2w2vnk4458ba8c1gmh5pa503lj2h0j7-skopeo-1.23.0-man",
              "default": true
            }
          ],
          "store_path": "/nix/store/c2xk3jrzrjflhx7yknys63mbbr6bh96q-skopeo-1.23.0"
        },
        "x86_64-linux": {
          "outputs": [
            {
              "name": "out",
              "path": "/nix/store/kaqgn762w2v70x95qm818l7sxj54dh1f-skopeo-1.23.0",
              "default": true
            },
            {
              "name": "man",
              "path": "/nix/store/jkqxnk2fnc6jcc6my5bq5jgm02avsjqc-skopeo-1.23.0-man",
              "default": true
            }
          ],
          "store_path": "/nix/store/kaqgn762w2v70x95qm818l7sxj54dh1f-skopeo-1.23.0"
        }
      }
    },
    "xh@latest": {
      "last_modified": "2026-05-21T08:15:18Z",
      "resolved": "github:NixOS/nixpkgs/4a29d733e8a7d5b824c3d8c958a946a9867b3eb2#xh",
      "source": "devbox-search",
      "version": "0.25.3",
      "systems": {
        "aarch64-darwin": {
          "outputs": [
            {
              "name": "out",
              "path": "/nix/store/j1dxa9gd4k4z1g8iws0gq1vk1wcwifgc-xh-0.25.3",
              "default": true
            }
          ],
          "store_path": "/nix/store/j1dxa9gd4k4z1g8iws0gq1vk1wcwifgc-xh-0.25.3"
        },
        "aarch64-linux": {
          "outputs": [
            {
              "name": "out",
              "path": "/nix/store/h9d47ijwyfwz2571pf41wdmiinsvdxim-xh-0.25.3",
              "default": true
            }
          ],
          "store_path": "/nix/store/h9d47ijwyfwz2571pf41wdmiinsvdxim-xh-0.25.3"
        },
        "x86_64-darwin": {
          "outputs": [
            {
              "name": "out",
              "path": "/nix/store/caxn1v9scnxyfc2x2jdhmxpsgxsb6sj1-xh-0.25.3",
              "default": true
            }
          ],
          "store_path": "/nix/store/caxn1v9scnxyfc2x2jdhmxpsgxsb6sj1-xh-0.25.3"
        },
        "x86_64-linux": {
          "outputs": [
            {
              "name": "out",
              "path": "/nix/store/m1kv9z8w9l6i3wjgjmw9cnfraf8phqrs-xh-0.25.3",
              "default": true
            }
          ],
          "store_path": "/nix/store/m1kv9z8w9l6i3wjgjmw9cnfraf8phqrs-xh-0.25.3"
        }
      }
    }
  }
}
